
Microsoft Visual Studio Solution File, Format Version 12.00
# Visual Studio Version 16
VisualStudioVersion = 16.0.31829.152
MinimumVisualStudioVersion = 10.0.40219.1
Project("{FAE04EC0-301F-11D3-BF4B-00C04F79EFBC}") = "PersonManagementSystem.Entities", "PersonManagementSystem.Entities\PersonManagementSystem.Entities.csproj", "{C249F186-7374-4A2F-B429-7C206EE68D6A}"
EndProject
Project("{FAE04EC0-301F-11D3-BF4B-00C04F79EFBC}") = "PersonManagementSystem.UserInterface", "PersonManagementSystem.UserInterface\PersonManagementSystem.UserInterface.csproj", "{0D3770C9-1CF2-432E-A023-8F7B5E28A8E9}"
EndProject
Global
	GlobalSection(SolutionConfigurationPlatforms) = preSolution
		Debug|Any CPU = Debug|Any CPU
		Release|Any CPU = Release|Any CPU
	EndGlobalSection
	GlobalSection(ProjectConfigurationPlatforms) = postSolution
		{C249F186-7374-4A2F-B429-7C206EE68D6A}.Debug|Any CPU.ActiveCfg = Debug|Any CPU
		{C249F186-7374-4A2F-B429-7C206EE68D6A}.Debug|Any CPU.Build.0 = Debug|Any CPU
		{C249F186-7374-4A2F-B429-7C206EE68D6A}.Release|Any CPU.ActiveCfg = Release|Any CPU
		{C249F186-7374-4A2F-B429-7C206EE68D6A}.Release|Any CPU.Build.0 = Release|Any CPU
		{0D3770C9-1CF2-432E-A023-8F7B5E28A8E9}.Debug|Any CPU.ActiveCfg = Debug|Any CPU
		{0D3770C9-1CF2-432E-A023-8F7B5E28A8E9}.Debug|Any CPU.Build.0 = Debug|Any CPU
		{0D3770C9-1CF2-432E-A023-8F7B5E28A8E9}.Release|Any CPU.ActiveCfg = Release|Any CPU
		{0D3770C9-1CF2-432E-A023-8F7B5E28A8E9}.Release|Any CPU.Build.0 = Release|Any CPU
	EndGlobalSection
	GlobalSection(SolutionProperties) = preSolution
		HideSolutionNode = FALSE
	EndGlobalSection
	GlobalSection(ExtensibilityGlobals) = postSolution
		SolutionGuid = {4E2D8541-8F49-4EF1-9322-2909A7071FD3}
	EndGlobalSection
EndGlobal
