
Microsoft Visual Studio Solution File, Format Version 12.00
# Visual Studio Version 16
VisualStudioVersion = 16.0.31829.152
MinimumVisualStudioVersion = 10.0.40219.1
Project("{FAE04EC0-301F-11D3-BF4B-00C04F79EFBC}") = "InheritanceDemo", "InheritanceDemo\InheritanceDemo.csproj", "{097B525C-DA90-4E99-9101-91CE13289E97}"
EndProject
Global
	GlobalSection(SolutionConfigurationPlatforms) = preSolution
		Debug|Any CPU = Debug|Any CPU
		Release|Any CPU = Release|Any CPU
	EndGlobalSection
	GlobalSection(ProjectConfigurationPlatforms) = postSolution
		{097B525C-DA90-4E99-9101-91CE13289E97}.Debug|Any CPU.ActiveCfg = Debug|Any CPU
		{097B525C-DA90-4E99-9101-91CE13289E97}.Debug|Any CPU.Build.0 = Debug|Any CPU
		{097B525C-DA90-4E99-9101-91CE13289E97}.Release|Any CPU.ActiveCfg = Release|Any CPU
		{097B525C-DA90-4E99-9101-91CE13289E97}.Release|Any CPU.Build.0 = Release|Any CPU
	EndGlobalSection
	GlobalSection(SolutionProperties) = preSolution
		HideSolutionNode = FALSE
	EndGlobalSection
	GlobalSection(ExtensibilityGlobals) = postSolution
		SolutionGuid = {BA4682F5-61C9-4819-BE14-3BFAEC497C56}
	EndGlobalSection
EndGlobal
