
Microsoft Visual Studio Solution File, Format Version 12.00
# Visual Studio Version 16
VisualStudioVersion = 16.0.31829.152
MinimumVisualStudioVersion = 10.0.40219.1
Project("{FAE04EC0-301F-11D3-BF4B-00C04F79EFBC}") = "DelegatesBegining", "DelegatesBegining\DelegatesBegining.csproj", "{74229762-75AA-4A87-A7A0-695BA6918815}"
EndProject
Project("{FAE04EC0-301F-11D3-BF4B-00C04F79EFBC}") = "DelegatesIntro", "DelegatesIntro\DelegatesIntro.csproj", "{3DD12689-3BF3-4D72-BB13-B5C383F20BAD}"
EndProject
Project("{FAE04EC0-301F-11D3-BF4B-00C04F79EFBC}") = "DelegateLibrary", "DelegateLibrary\DelegateLibrary.csproj", "{FABC9E67-D9BD-4CA9-8FC5-A898D9FE0067}"
EndProject
Project("{FAE04EC0-301F-11D3-BF4B-00C04F79EFBC}") = "ThreadingDemo", "ThreadingDemo\ThreadingDemo.csproj", "{8060C481-DA94-4C69-BEB6-C9D42EB0D4D3}"
EndProject
Project("{FAE04EC0-301F-11D3-BF4B-00C04F79EFBC}") = "WinFormsApp1", "WinFormsApp1\WinFormsApp1.csproj", "{299D06FD-46DD-4D3E-A5BD-CB174A21513A}"
EndProject
Global
	GlobalSection(SolutionConfigurationPlatforms) = preSolution
		Debug|Any CPU = Debug|Any CPU
		Release|Any CPU = Release|Any CPU
	EndGlobalSection
	GlobalSection(ProjectConfigurationPlatforms) = postSolution
		{74229762-75AA-4A87-A7A0-695BA6918815}.Debug|Any CPU.ActiveCfg = Debug|Any CPU
		{74229762-75AA-4A87-A7A0-695BA6918815}.Debug|Any CPU.Build.0 = Debug|Any CPU
		{74229762-75AA-4A87-A7A0-695BA6918815}.Release|Any CPU.ActiveCfg = Release|Any CPU
		{74229762-75AA-4A87-A7A0-695BA6918815}.Release|Any CPU.Build.0 = Release|Any CPU
		{3DD12689-3BF3-4D72-BB13-B5C383F20BAD}.Debug|Any CPU.ActiveCfg = Debug|Any CPU
		{3DD12689-3BF3-4D72-BB13-B5C383F20BAD}.Debug|Any CPU.Build.0 = Debug|Any CPU
		{3DD12689-3BF3-4D72-BB13-B5C383F20BAD}.Release|Any CPU.ActiveCfg = Release|Any CPU
		{3DD12689-3BF3-4D72-BB13-B5C383F20BAD}.Release|Any CPU.Build.0 = Release|Any CPU
		{FABC9E67-D9BD-4CA9-8FC5-A898D9FE0067}.Debug|Any CPU.ActiveCfg = Debug|Any CPU
		{FABC9E67-D9BD-4CA9-8FC5-A898D9FE0067}.Debug|Any CPU.Build.0 = Debug|Any CPU
		{FABC9E67-D9BD-4CA9-8FC5-A898D9FE0067}.Release|Any CPU.ActiveCfg = Release|Any CPU
		{FABC9E67-D9BD-4CA9-8FC5-A898D9FE0067}.Release|Any CPU.Build.0 = Release|Any CPU
		{8060C481-DA94-4C69-BEB6-C9D42EB0D4D3}.Debug|Any CPU.ActiveCfg = Debug|Any CPU
		{8060C481-DA94-4C69-BEB6-C9D42EB0D4D3}.Debug|Any CPU.Build.0 = Debug|Any CPU
		{8060C481-DA94-4C69-BEB6-C9D42EB0D4D3}.Release|Any CPU.ActiveCfg = Release|Any CPU
		{8060C481-DA94-4C69-BEB6-C9D42EB0D4D3}.Release|Any CPU.Build.0 = Release|Any CPU
		{299D06FD-46DD-4D3E-A5BD-CB174A21513A}.Debug|Any CPU.ActiveCfg = Debug|Any CPU
		{299D06FD-46DD-4D3E-A5BD-CB174A21513A}.Debug|Any CPU.Build.0 = Debug|Any CPU
		{299D06FD-46DD-4D3E-A5BD-CB174A21513A}.Release|Any CPU.ActiveCfg = Release|Any CPU
		{299D06FD-46DD-4D3E-A5BD-CB174A21513A}.Release|Any CPU.Build.0 = Release|Any CPU
	EndGlobalSection
	GlobalSection(SolutionProperties) = preSolution
		HideSolutionNode = FALSE
	EndGlobalSection
	GlobalSection(ExtensibilityGlobals) = postSolution
		SolutionGuid = {AE597928-0029-452A-B949-72E55CA2FCA6}
	EndGlobalSection
EndGlobal
