
Microsoft Visual Studio Solution File, Format Version 12.00
# Visual Studio Version 16
VisualStudioVersion = 16.0.31829.152
MinimumVisualStudioVersion = 10.0.40219.1
Project("{FAE04EC0-301F-11D3-BF4B-00C04F79EFBC}") = "OtherGenericCollectionClasses", "OtherGenericCollectionClasses\OtherGenericCollectionClasses.csproj", "{847328E9-39B6-40B6-9290-F9F4D98499C7}"
EndProject
Global
	GlobalSection(SolutionConfigurationPlatforms) = preSolution
		Debug|Any CPU = Debug|Any CPU
		Release|Any CPU = Release|Any CPU
	EndGlobalSection
	GlobalSection(ProjectConfigurationPlatforms) = postSolution
		{847328E9-39B6-40B6-9290-F9F4D98499C7}.Debug|Any CPU.ActiveCfg = Debug|Any CPU
		{847328E9-39B6-40B6-9290-F9F4D98499C7}.Debug|Any CPU.Build.0 = Debug|Any CPU
		{847328E9-39B6-40B6-9290-F9F4D98499C7}.Release|Any CPU.ActiveCfg = Release|Any CPU
		{847328E9-39B6-40B6-9290-F9F4D98499C7}.Release|Any CPU.Build.0 = Release|Any CPU
	EndGlobalSection
	GlobalSection(SolutionProperties) = preSolution
		HideSolutionNode = FALSE
	EndGlobalSection
	GlobalSection(ExtensibilityGlobals) = postSolution
		SolutionGuid = {AC13833F-063A-48BF-978F-5F866C484325}
	EndGlobalSection
EndGlobal
