
Microsoft Visual Studio Solution File, Format Version 12.00
# Visual Studio Version 16
VisualStudioVersion = 16.0.31829.152
MinimumVisualStudioVersion = 10.0.40219.1
Project("{FAE04EC0-301F-11D3-BF4B-00C04F79EFBC}") = "WcfServiceApp.Entities", "WcfServiceApp.Entities\WcfServiceApp.Entities.csproj", "{81CB66ED-E0DD-43E0-9F3D-8A1F2F8E35D3}"
EndProject
Project("{FAE04EC0-301F-11D3-BF4B-00C04F79EFBC}") = "WcfServiceApp.CustomHost", "WcfServiceApp.CustomHost\WcfServiceApp.CustomHost.csproj", "{9873D7A8-8E6E-4170-9729-C8D234FE1CAA}"
EndProject
Project("{FAE04EC0-301F-11D3-BF4B-00C04F79EFBC}") = "WcfServiceApp.ClientApp", "WcfServiceApp.ClientApp\WcfServiceApp.ClientApp.csproj", "{EDB548CD-7212-4301-9B8A-07998009FD5C}"
EndProject
Global
	GlobalSection(SolutionConfigurationPlatforms) = preSolution
		Debug|Any CPU = Debug|Any CPU
		Release|Any CPU = Release|Any CPU
	EndGlobalSection
	GlobalSection(ProjectConfigurationPlatforms) = postSolution
		{81CB66ED-E0DD-43E0-9F3D-8A1F2F8E35D3}.Debug|Any CPU.ActiveCfg = Debug|Any CPU
		{81CB66ED-E0DD-43E0-9F3D-8A1F2F8E35D3}.Debug|Any CPU.Build.0 = Debug|Any CPU
		{81CB66ED-E0DD-43E0-9F3D-8A1F2F8E35D3}.Release|Any CPU.ActiveCfg = Release|Any CPU
		{81CB66ED-E0DD-43E0-9F3D-8A1F2F8E35D3}.Release|Any CPU.Build.0 = Release|Any CPU
		{9873D7A8-8E6E-4170-9729-C8D234FE1CAA}.Debug|Any CPU.ActiveCfg = Debug|Any CPU
		{9873D7A8-8E6E-4170-9729-C8D234FE1CAA}.Debug|Any CPU.Build.0 = Debug|Any CPU
		{9873D7A8-8E6E-4170-9729-C8D234FE1CAA}.Release|Any CPU.ActiveCfg = Release|Any CPU
		{9873D7A8-8E6E-4170-9729-C8D234FE1CAA}.Release|Any CPU.Build.0 = Release|Any CPU
		{EDB548CD-7212-4301-9B8A-07998009FD5C}.Debug|Any CPU.ActiveCfg = Debug|Any CPU
		{EDB548CD-7212-4301-9B8A-07998009FD5C}.Debug|Any CPU.Build.0 = Debug|Any CPU
		{EDB548CD-7212-4301-9B8A-07998009FD5C}.Release|Any CPU.ActiveCfg = Release|Any CPU
		{EDB548CD-7212-4301-9B8A-07998009FD5C}.Release|Any CPU.Build.0 = Release|Any CPU
	EndGlobalSection
	GlobalSection(SolutionProperties) = preSolution
		HideSolutionNode = FALSE
	EndGlobalSection
	GlobalSection(ExtensibilityGlobals) = postSolution
		SolutionGuid = {D51B35A9-B27B-4783-8849-4B801CC015BE}
	EndGlobalSection
EndGlobal
