
Microsoft Visual Studio Solution File, Format Version 12.00
# Visual Studio Version 16
VisualStudioVersion = 16.0.31829.152
MinimumVisualStudioVersion = 10.0.40219.1
Project("{FAE04EC0-301F-11D3-BF4B-00C04F79EFBC}") = "DynamicPoylmorphismDemo", "DynamicPoylmorphismDemo\DynamicPoylmorphismDemo.csproj", "{CE2ECCD0-7C9E-4FA3-888B-7FA2FFFCF703}"
EndProject
Global
	GlobalSection(SolutionConfigurationPlatforms) = preSolution
		Debug|Any CPU = Debug|Any CPU
		Release|Any CPU = Release|Any CPU
	EndGlobalSection
	GlobalSection(ProjectConfigurationPlatforms) = postSolution
		{CE2ECCD0-7C9E-4FA3-888B-7FA2FFFCF703}.Debug|Any CPU.ActiveCfg = Debug|Any CPU
		{CE2ECCD0-7C9E-4FA3-888B-7FA2FFFCF703}.Debug|Any CPU.Build.0 = Debug|Any CPU
		{CE2ECCD0-7C9E-4FA3-888B-7FA2FFFCF703}.Release|Any CPU.ActiveCfg = Release|Any CPU
		{CE2ECCD0-7C9E-4FA3-888B-7FA2FFFCF703}.Release|Any CPU.Build.0 = Release|Any CPU
	EndGlobalSection
	GlobalSection(SolutionProperties) = preSolution
		HideSolutionNode = FALSE
	EndGlobalSection
	GlobalSection(ExtensibilityGlobals) = postSolution
		SolutionGuid = {E5B161A6-ACE6-480D-9FDE-F7E5EB0316F5}
	EndGlobalSection
EndGlobal
