
Microsoft Visual Studio Solution File, Format Version 12.00
# Visual Studio Version 16
VisualStudioVersion = 16.0.31829.152
MinimumVisualStudioVersion = 10.0.40219.1
Project("{FAE04EC0-301F-11D3-BF4B-00C04F79EFBC}") = "InheritanceDemo", "InheritanceDemo\InheritanceDemo.csproj", "{902355C0-08CE-4A89-A9DA-514C286E9BAA}"
EndProject
Global
	GlobalSection(SolutionConfigurationPlatforms) = preSolution
		Debug|Any CPU = Debug|Any CPU
		Release|Any CPU = Release|Any CPU
	EndGlobalSection
	GlobalSection(ProjectConfigurationPlatforms) = postSolution
		{902355C0-08CE-4A89-A9DA-514C286E9BAA}.Debug|Any CPU.ActiveCfg = Debug|Any CPU
		{902355C0-08CE-4A89-A9DA-514C286E9BAA}.Debug|Any CPU.Build.0 = Debug|Any CPU
		{902355C0-08CE-4A89-A9DA-514C286E9BAA}.Release|Any CPU.ActiveCfg = Release|Any CPU
		{902355C0-08CE-4A89-A9DA-514C286E9BAA}.Release|Any CPU.Build.0 = Release|Any CPU
	EndGlobalSection
	GlobalSection(SolutionProperties) = preSolution
		HideSolutionNode = FALSE
	EndGlobalSection
	GlobalSection(ExtensibilityGlobals) = postSolution
		SolutionGuid = {A92C2FE7-97B5-476C-9A86-C1EBBB021D7C}
	EndGlobalSection
EndGlobal
