
Microsoft Visual Studio Solution File, Format Version 12.00
# Visual Studio Version 16
VisualStudioVersion = 16.0.31829.152
MinimumVisualStudioVersion = 10.0.40219.1
Project("{FAE04EC0-301F-11D3-BF4B-00C04F79EFBC}") = "StaticDemo", "StaticDemo\StaticDemo.csproj", "{BAFEC5F2-5F43-4310-990C-6913BCB461C9}"
EndProject
Global
	GlobalSection(SolutionConfigurationPlatforms) = preSolution
		Debug|Any CPU = Debug|Any CPU
		Release|Any CPU = Release|Any CPU
	EndGlobalSection
	GlobalSection(ProjectConfigurationPlatforms) = postSolution
		{BAFEC5F2-5F43-4310-990C-6913BCB461C9}.Debug|Any CPU.ActiveCfg = Debug|Any CPU
		{BAFEC5F2-5F43-4310-990C-6913BCB461C9}.Debug|Any CPU.Build.0 = Debug|Any CPU
		{BAFEC5F2-5F43-4310-990C-6913BCB461C9}.Release|Any CPU.ActiveCfg = Release|Any CPU
		{BAFEC5F2-5F43-4310-990C-6913BCB461C9}.Release|Any CPU.Build.0 = Release|Any CPU
	EndGlobalSection
	GlobalSection(SolutionProperties) = preSolution
		HideSolutionNode = FALSE
	EndGlobalSection
	GlobalSection(ExtensibilityGlobals) = postSolution
		SolutionGuid = {F9A139AD-93FB-4E37-80A0-BE53B82FEA5D}
	EndGlobalSection
EndGlobal
