
Microsoft Visual Studio Solution File, Format Version 12.00
# Visual Studio Version 16
VisualStudioVersion = 16.0.31829.152
MinimumVisualStudioVersion = 10.0.40219.1
Project("{FAE04EC0-301F-11D3-BF4B-00C04F79EFBC}") = "SampleOldWebApp", "SampleOldWebApp\SampleOldWebApp.csproj", "{DB46D7FC-1566-4303-867F-8B6F3B60D842}"
EndProject
Global
	GlobalSection(SolutionConfigurationPlatforms) = preSolution
		Debug|Any CPU = Debug|Any CPU
		Release|Any CPU = Release|Any CPU
	EndGlobalSection
	GlobalSection(ProjectConfigurationPlatforms) = postSolution
		{DB46D7FC-1566-4303-867F-8B6F3B60D842}.Debug|Any CPU.ActiveCfg = Debug|Any CPU
		{DB46D7FC-1566-4303-867F-8B6F3B60D842}.Debug|Any CPU.Build.0 = Debug|Any CPU
		{DB46D7FC-1566-4303-867F-8B6F3B60D842}.Release|Any CPU.ActiveCfg = Release|Any CPU
		{DB46D7FC-1566-4303-867F-8B6F3B60D842}.Release|Any CPU.Build.0 = Release|Any CPU
	EndGlobalSection
	GlobalSection(SolutionProperties) = preSolution
		HideSolutionNode = FALSE
	EndGlobalSection
	GlobalSection(ExtensibilityGlobals) = postSolution
		SolutionGuid = {30FF9A0D-DA06-414C-BB24-6E716ABD79C0}
	EndGlobalSection
EndGlobal
