
Microsoft Visual Studio Solution File, Format Version 12.00
# Visual Studio Version 16
VisualStudioVersion = 16.0.31829.152
MinimumVisualStudioVersion = 10.0.40219.1
Project("{FAE04EC0-301F-11D3-BF4B-00C04F79EFBC}") = "FirstCoreWebApp", "FirstCoreWebApp\FirstCoreWebApp.csproj", "{EEE56E56-1253-475B-AD14-48640D498807}"
EndProject
Global
	GlobalSection(SolutionConfigurationPlatforms) = preSolution
		Debug|Any CPU = Debug|Any CPU
		Release|Any CPU = Release|Any CPU
	EndGlobalSection
	GlobalSection(ProjectConfigurationPlatforms) = postSolution
		{EEE56E56-1253-475B-AD14-48640D498807}.Debug|Any CPU.ActiveCfg = Debug|Any CPU
		{EEE56E56-1253-475B-AD14-48640D498807}.Debug|Any CPU.Build.0 = Debug|Any CPU
		{EEE56E56-1253-475B-AD14-48640D498807}.Release|Any CPU.ActiveCfg = Release|Any CPU
		{EEE56E56-1253-475B-AD14-48640D498807}.Release|Any CPU.Build.0 = Release|Any CPU
	EndGlobalSection
	GlobalSection(SolutionProperties) = preSolution
		HideSolutionNode = FALSE
	EndGlobalSection
	GlobalSection(ExtensibilityGlobals) = postSolution
		SolutionGuid = {AC34DD09-CD51-459E-85F6-39E61474D333}
	EndGlobalSection
EndGlobal
